
Microsoft Visual Studio Solution File, Format Version 12.00
# Visual Studio Version 17
VisualStudioVersion = 17.4.33213.308
MinimumVisualStudioVersion = 10.0.40219.1
Project("{FAE04EC0-301F-11D3-BF4B-00C04F79EFBC}") = "FightingClubGame", "FightingClubGame\FightingClubGame.csproj", "{59EFBFA6-3E49-43C3-9D6D-2F4F3AF6636D}"
EndProject
Global
	GlobalSection(SolutionConfigurationPlatforms) = preSolution
		Debug|Any CPU = Debug|Any CPU
		Release|Any CPU = Release|Any CPU
	EndGlobalSection
	GlobalSection(ProjectConfigurationPlatforms) = postSolution
		{59EFBFA6-3E49-43C3-9D6D-2F4F3AF6636D}.Debug|Any CPU.ActiveCfg = Debug|Any CPU
		{59EFBFA6-3E49-43C3-9D6D-2F4F3AF6636D}.Debug|Any CPU.Build.0 = Debug|Any CPU
		{59EFBFA6-3E49-43C3-9D6D-2F4F3AF6636D}.Release|Any CPU.ActiveCfg = Release|Any CPU
		{59EFBFA6-3E49-43C3-9D6D-2F4F3AF6636D}.Release|Any CPU.Build.0 = Release|Any CPU
	EndGlobalSection
	GlobalSection(SolutionProperties) = preSolution
		HideSolutionNode = FALSE
	EndGlobalSection
	GlobalSection(ExtensibilityGlobals) = postSolution
		SolutionGuid = {3FD72F7A-F702-4B66-89DA-195CA66A1DD7}
	EndGlobalSection
EndGlobal
